
Microsoft Visual Studio Solution File, Format Version 12.00
# Visual Studio Version 16
VisualStudioVersion = 16.0.31402.337
MinimumVisualStudioVersion = 10.0.40219.1
Project("{FAE04EC0-301F-11D3-BF4B-00C04F79EFBC}") = "ConsoleMathLib", "testcasesexample\ConsoleMathLib.csproj", "{D10AB536-624E-4529-A83D-242ED4E7D130}"
EndProject
Project("{FAE04EC0-301F-11D3-BF4B-00C04F79EFBC}") = "testcaseslibrary", "testcaseslibrary\testcaseslibrary.csproj", "{AF836736-3E49-4F14-955E-20280387E583}"
EndProject
Project("{FAE04EC0-301F-11D3-BF4B-00C04F79EFBC}") = "TestMathLib", "TestMathLib\TestMathLib.csproj", "{3BC6E632-8798-4934-B1F8-9F6DB1D9647B}"
EndProject
Global
	GlobalSection(SolutionConfigurationPlatforms) = preSolution
		Debug|Any CPU = Debug|Any CPU
		Release|Any CPU = Release|Any CPU
	EndGlobalSection
	GlobalSection(ProjectConfigurationPlatforms) = postSolution
		{D10AB536-624E-4529-A83D-242ED4E7D130}.Debug|Any CPU.ActiveCfg = Debug|Any CPU
		{D10AB536-624E-4529-A83D-242ED4E7D130}.Debug|Any CPU.Build.0 = Debug|Any CPU
		{D10AB536-624E-4529-A83D-242ED4E7D130}.Release|Any CPU.ActiveCfg = Release|Any CPU
		{D10AB536-624E-4529-A83D-242ED4E7D130}.Release|Any CPU.Build.0 = Release|Any CPU
		{AF836736-3E49-4F14-955E-20280387E583}.Debug|Any CPU.ActiveCfg = Debug|Any CPU
		{AF836736-3E49-4F14-955E-20280387E583}.Debug|Any CPU.Build.0 = Debug|Any CPU
		{AF836736-3E49-4F14-955E-20280387E583}.Release|Any CPU.ActiveCfg = Release|Any CPU
		{AF836736-3E49-4F14-955E-20280387E583}.Release|Any CPU.Build.0 = Release|Any CPU
		{3BC6E632-8798-4934-B1F8-9F6DB1D9647B}.Debug|Any CPU.ActiveCfg = Debug|Any CPU
		{3BC6E632-8798-4934-B1F8-9F6DB1D9647B}.Debug|Any CPU.Build.0 = Debug|Any CPU
		{3BC6E632-8798-4934-B1F8-9F6DB1D9647B}.Release|Any CPU.ActiveCfg = Release|Any CPU
		{3BC6E632-8798-4934-B1F8-9F6DB1D9647B}.Release|Any CPU.Build.0 = Release|Any CPU
	EndGlobalSection
	GlobalSection(SolutionProperties) = preSolution
		HideSolutionNode = FALSE
	EndGlobalSection
	GlobalSection(ExtensibilityGlobals) = postSolution
		SolutionGuid = {B36EAF1D-9F76-47EE-9198-7140DCD4B304}
	EndGlobalSection
EndGlobal
